# THIS IS AN AUTOGENERATED FILE. DO NOT EDIT THIS FILE DIRECTLY.
# yarn lockfile v1


"@actualwave/is-function@^0.0.1":
  version "0.0.1"
  resolved "https://registry.yarnpkg.com/@actualwave/is-function/-/is-function-0.0.1.tgz#07de225276cf1264a08b3311e6f9dc5918f3b814"
  integrity sha512-YcE03xOtPBdg1cnzQ+C88mDRmxSL54QCd91yZpyCJnf6Xf2nuoVNZBprM5Op7zLY2UOGVItjOiyjKFqrxVo0Hg==

base-64@^0.1.0:
  version "0.1.0"
  resolved "https://registry.yarnpkg.com/base-64/-/base-64-0.1.0.tgz#780a99c84e7d600260361511c4877613bf24f6bb"
  integrity sha1-eAqZyE59YAJgNhURxId2E78k9rs=

react-native-fs@^2.12.0:
  version "2.16.2"
  resolved "https://registry.yarnpkg.com/react-native-fs/-/react-native-fs-2.16.2.tgz#a312ce5f418e6d91d13b51e50ba0c49b1da1ec79"
  integrity sha512-N9V8cMAOE49+er0/Qnf/xSFzsVWVWPW7Uggr11KVh18uv7FEPLEfLwEsL1Gv9vdkTgAK+6SYT46nqrhKtJClSw==
  dependencies:
    base-64 "^0.1.0"
    utf8 "^3.0.0"

utf8@^3.0.0:
  version "3.0.0"
  resolved "https://registry.yarnpkg.com/utf8/-/utf8-3.0.0.tgz#f052eed1364d696e769ef058b183df88c87f69d1"
  integrity sha512-E8VjFIQ/TyQgp+TZfS6l8yp/xWppSAHzidGiRrqe4bK4XP9pTRyKFgGJpO3SN7zdX4DeomTrwaseCHovfpFcqQ==
